
Microsoft Visual Studio Solution File, Format Version 12.00
# Visual Studio Version 17
VisualStudioVersion = 17.5.33627.172
MinimumVisualStudioVersion = 10.0.40219.1
Project("{9A19103F-16F7-4668-BE54-9A1E7A4F7556}") = "Demo.Services.ConnectedFactory", "Demo.Services.ConnectedFactory.csproj", "{0C323341-A1E3-4048-967A-25880F01C35F}"
EndProject
Global
	GlobalSection(SolutionConfigurationPlatforms) = preSolution
		Debug|Any CPU = Debug|Any CPU
		Release|Any CPU = Release|Any CPU
	EndGlobalSection
	GlobalSection(ProjectConfigurationPlatforms) = postSolution
		{0C323341-A1E3-4048-967A-25880F01C35F}.Debug|Any CPU.ActiveCfg = Debug|Any CPU
		{0C323341-A1E3-4048-967A-25880F01C35F}.Debug|Any CPU.Build.0 = Debug|Any CPU
		{0C323341-A1E3-4048-967A-25880F01C35F}.Release|Any CPU.ActiveCfg = Release|Any CPU
		{0C323341-A1E3-4048-967A-25880F01C35F}.Release|Any CPU.Build.0 = Release|Any CPU
	EndGlobalSection
	GlobalSection(SolutionProperties) = preSolution
		HideSolutionNode = FALSE
	EndGlobalSection
	GlobalSection(ExtensibilityGlobals) = postSolution
		SolutionGuid = {2D12F2F1-194B-47F1-9888-D34C64CB0AD2}
	EndGlobalSection
EndGlobal
