
Microsoft Visual Studio Solution File, Format Version 12.00
# Visual Studio Version 17
VisualStudioVersion = 17.6.33801.468
MinimumVisualStudioVersion = 10.0.40219.1
Project("{FAE04EC0-301F-11D3-BF4B-00C04F79EFBC}") = "Demo.Services.ConnectedFactory", "Demo.Services.ConnectedFactory.csproj", "{013F893E-1725-4CB0-9C44-44923BCA82D9}"
EndProject
Global
	GlobalSection(SolutionConfigurationPlatforms) = preSolution
		Debug|Any CPU = Debug|Any CPU
		Release|Any CPU = Release|Any CPU
	EndGlobalSection
	GlobalSection(ProjectConfigurationPlatforms) = postSolution
		{013F893E-1725-4CB0-9C44-44923BCA82D9}.Debug|Any CPU.ActiveCfg = Debug|Any CPU
		{013F893E-1725-4CB0-9C44-44923BCA82D9}.Debug|Any CPU.Build.0 = Debug|Any CPU
		{013F893E-1725-4CB0-9C44-44923BCA82D9}.Release|Any CPU.ActiveCfg = Release|Any CPU
		{013F893E-1725-4CB0-9C44-44923BCA82D9}.Release|Any CPU.Build.0 = Release|Any CPU
	EndGlobalSection
	GlobalSection(SolutionProperties) = preSolution
		HideSolutionNode = FALSE
	EndGlobalSection
	GlobalSection(ExtensibilityGlobals) = postSolution
		SolutionGuid = {F836C7D4-65C2-4D67-93BF-AB747A161AE9}
	EndGlobalSection
EndGlobal
